// !$*UTF8*$!
{
	archiveVersion = 1;
	classes = {
	};
	objectVersion = 45;
	objects = {

/* Begin PBXBuildFile section */
		1D3623260D0F684500981E51 /* StarcraftInstallerAppDelegate.m in Sources */ = {isa = PBXBuildFile; fileRef = 1D3623250D0F684500981E51 /* StarcraftInstallerAppDelegate.m */; };
		1D60589B0D05DD56006BFB54 /* main.m in Sources */ = {isa = PBXBuildFile; fileRef = 29B97316FDCFA39411CA2CEA /* main.m */; };
		1D60589F0D05DD5A006BFB54 /* Foundation.framework in Frameworks */ = {isa = PBXBuildFile; fileRef = 1D30AB110D05D00D00671497 /* Foundation.framework */; };
		1DF5F4E00D08C38300B7A737 /* UIKit.framework in Frameworks */ = {isa = PBXBuildFile; fileRef = 1DF5F4DF0D08C38300B7A737 /* UIKit.framework */; };
		250B41D711FFED8B00D8D7EE /* bnet.png in Resources */ = {isa = PBXBuildFile; fileRef = 250B41D411FFED8B00D8D7EE /* bnet.png */; };
		250B41D811FFED8B00D8D7EE /* complete.png in Resources */ = {isa = PBXBuildFile; fileRef = 250B41D511FFED8B00D8D7EE /* complete.png */; };
		250B41D911FFED8B00D8D7EE /* install.png in Resources */ = {isa = PBXBuildFile; fileRef = 250B41D611FFED8B00D8D7EE /* install.png */; };
		25FB87EF11FFCBCA00321766 /* 1.png in Resources */ = {isa = PBXBuildFile; fileRef = 25FB87D911FFCBC900321766 /* 1.png */; };
		25FB87F011FFCBCA00321766 /* 10.png in Resources */ = {isa = PBXBuildFile; fileRef = 25FB87DA11FFCBC900321766 /* 10.png */; };
		25FB87F111FFCBCA00321766 /* 11.png in Resources */ = {isa = PBXBuildFile; fileRef = 25FB87DB11FFCBC900321766 /* 11.png */; };
		25FB87F211FFCBCA00321766 /* 12.png in Resources */ = {isa = PBXBuildFile; fileRef = 25FB87DC11FFCBC900321766 /* 12.png */; };
		25FB87F311FFCBCA00321766 /* 13.png in Resources */ = {isa = PBXBuildFile; fileRef = 25FB87DD11FFCBC900321766 /* 13.png */; };
		25FB87F411FFCBCA00321766 /* 14.png in Resources */ = {isa = PBXBuildFile; fileRef = 25FB87DE11FFCBCA00321766 /* 14.png */; };
		25FB87F511FFCBCA00321766 /* 15.png in Resources */ = {isa = PBXBuildFile; fileRef = 25FB87DF11FFCBCA00321766 /* 15.png */; };
		25FB87F611FFCBCA00321766 /* 16.png in Resources */ = {isa = PBXBuildFile; fileRef = 25FB87E011FFCBCA00321766 /* 16.png */; };
		25FB87F711FFCBCA00321766 /* 17.png in Resources */ = {isa = PBXBuildFile; fileRef = 25FB87E111FFCBCA00321766 /* 17.png */; };
		25FB87F811FFCBCA00321766 /* 18.png in Resources */ = {isa = PBXBuildFile; fileRef = 25FB87E211FFCBCA00321766 /* 18.png */; };
		25FB87F911FFCBCA00321766 /* 19.png in Resources */ = {isa = PBXBuildFile; fileRef = 25FB87E311FFCBCA00321766 /* 19.png */; };
		25FB87FA11FFCBCA00321766 /* 2.png in Resources */ = {isa = PBXBuildFile; fileRef = 25FB87E411FFCBCA00321766 /* 2.png */; };
		25FB87FB11FFCBCA00321766 /* 20.png in Resources */ = {isa = PBXBuildFile; fileRef = 25FB87E511FFCBCA00321766 /* 20.png */; };
		25FB87FC11FFCBCA00321766 /* 21.png in Resources */ = {isa = PBXBuildFile; fileRef = 25FB87E611FFCBCA00321766 /* 21.png */; };
		25FB87FD11FFCBCA00321766 /* 22.png in Resources */ = {isa = PBXBuildFile; fileRef = 25FB87E711FFCBCA00321766 /* 22.png */; };
		25FB87FE11FFCBCA00321766 /* 3.png in Resources */ = {isa = PBXBuildFile; fileRef = 25FB87E811FFCBCA00321766 /* 3.png */; };
		25FB87FF11FFCBCA00321766 /* 4.png in Resources */ = {isa = PBXBuildFile; fileRef = 25FB87E911FFCBCA00321766 /* 4.png */; };
		25FB880011FFCBCA00321766 /* 5.png in Resources */ = {isa = PBXBuildFile; fileRef = 25FB87EA11FFCBCA00321766 /* 5.png */; };
		25FB880111FFCBCA00321766 /* 6.png in Resources */ = {isa = PBXBuildFile; fileRef = 25FB87EB11FFCBCA00321766 /* 6.png */; };
		25FB880211FFCBCA00321766 /* 7.png in Resources */ = {isa = PBXBuildFile; fileRef = 25FB87EC11FFCBCA00321766 /* 7.png */; };
		25FB880311FFCBCA00321766 /* 8.png in Resources */ = {isa = PBXBuildFile; fileRef = 25FB87ED11FFCBCA00321766 /* 8.png */; };
		25FB880411FFCBCA00321766 /* 9.png in Resources */ = {isa = PBXBuildFile; fileRef = 25FB87EE11FFCBCA00321766 /* 9.png */; };
		25FB880B11FFCE1600321766 /* Icon.png in Resources */ = {isa = PBXBuildFile; fileRef = 25FB880A11FFCE1600321766 /* Icon.png */; };
		25FB884611FFCF3300321766 /* Icon-72.png in Resources */ = {isa = PBXBuildFile; fileRef = 25FB884511FFCF3300321766 /* Icon-72.png */; };
		25FB88BE11FFD3F000321766 /* 0.png in Resources */ = {isa = PBXBuildFile; fileRef = 25FB88BD11FFD3F000321766 /* 0.png */; };
		25FB895411FFDFF800321766 /* SCFinishedViewController.m in Sources */ = {isa = PBXBuildFile; fileRef = 25FB895211FFDFF800321766 /* SCFinishedViewController.m */; };
		25FB895511FFDFF800321766 /* SCFinishedViewController.xib in Resources */ = {isa = PBXBuildFile; fileRef = 25FB895311FFDFF800321766 /* SCFinishedViewController.xib */; };
		288765A50DF7441C002DB57D /* CoreGraphics.framework in Frameworks */ = {isa = PBXBuildFile; fileRef = 288765A40DF7441C002DB57D /* CoreGraphics.framework */; };
		2899E5220DE3E06400AC0155 /* StarcraftInstallerViewController.xib in Resources */ = {isa = PBXBuildFile; fileRef = 2899E5210DE3E06400AC0155 /* StarcraftInstallerViewController.xib */; };
		28AD733F0D9D9553002E5188 /* MainWindow.xib in Resources */ = {isa = PBXBuildFile; fileRef = 28AD733E0D9D9553002E5188 /* MainWindow.xib */; };
		28D7ACF80DDB3853001CB0EB /* StarcraftInstallerViewController.m in Sources */ = {isa = PBXBuildFile; fileRef = 28D7ACF70DDB3853001CB0EB /* StarcraftInstallerViewController.m */; };
/* End PBXBuildFile section */

/* Begin PBXFileReference section */
		1D30AB110D05D00D00671497 /* Foundation.framework */ = {isa = PBXFileReference; lastKnownFileType = wrapper.framework; name = Foundation.framework; path = System/Library/Frameworks/Foundation.framework; sourceTree = SDKROOT; };
		1D3623240D0F684500981E51 /* StarcraftInstallerAppDelegate.h */ = {isa = PBXFileReference; fileEncoding = 4; lastKnownFileType = sourcecode.c.h; path = StarcraftInstallerAppDelegate.h; sourceTree = "<group>"; };
		1D3623250D0F684500981E51 /* StarcraftInstallerAppDelegate.m */ = {isa = PBXFileReference; fileEncoding = 4; lastKnownFileType = sourcecode.c.objc; path = StarcraftInstallerAppDelegate.m; sourceTree = "<group>"; };
		1D6058910D05DD3D006BFB54 /* StarcraftInstaller.app */ = {isa = PBXFileReference; explicitFileType = wrapper.application; includeInIndex = 0; path = StarcraftInstaller.app; sourceTree = BUILT_PRODUCTS_DIR; };
		1DF5F4DF0D08C38300B7A737 /* UIKit.framework */ = {isa = PBXFileReference; lastKnownFileType = wrapper.framework; name = UIKit.framework; path = System/Library/Frameworks/UIKit.framework; sourceTree = SDKROOT; };
		250B41D411FFED8B00D8D7EE /* bnet.png */ = {isa = PBXFileReference; lastKnownFileType = image.png; path = bnet.png; sourceTree = "<group>"; };
		250B41D511FFED8B00D8D7EE /* complete.png */ = {isa = PBXFileReference; lastKnownFileType = image.png; path = complete.png; sourceTree = "<group>"; };
		250B41D611FFED8B00D8D7EE /* install.png */ = {isa = PBXFileReference; lastKnownFileType = image.png; path = install.png; sourceTree = "<group>"; };
		25FB87D911FFCBC900321766 /* 1.png */ = {isa = PBXFileReference; lastKnownFileType = image.png; path = 1.png; sourceTree = "<group>"; };
		25FB87DA11FFCBC900321766 /* 10.png */ = {isa = PBXFileReference; lastKnownFileType = image.png; path = 10.png; sourceTree = "<group>"; };
		25FB87DB11FFCBC900321766 /* 11.png */ = {isa = PBXFileReference; lastKnownFileType = image.png; path = 11.png; sourceTree = "<group>"; };
		25FB87DC11FFCBC900321766 /* 12.png */ = {isa = PBXFileReference; lastKnownFileType = image.png; path = 12.png; sourceTree = "<group>"; };
		25FB87DD11FFCBC900321766 /* 13.png */ = {isa = PBXFileReference; lastKnownFileType = image.png; path = 13.png; sourceTree = "<group>"; };
		25FB87DE11FFCBCA00321766 /* 14.png */ = {isa = PBXFileReference; lastKnownFileType = image.png; path = 14.png; sourceTree = "<group>"; };
		25FB87DF11FFCBCA00321766 /* 15.png */ = {isa = PBXFileReference; lastKnownFileType = image.png; path = 15.png; sourceTree = "<group>"; };
		25FB87E011FFCBCA00321766 /* 16.png */ = {isa = PBXFileReference; lastKnownFileType = image.png; path = 16.png; sourceTree = "<group>"; };
		25FB87E111FFCBCA00321766 /* 17.png */ = {isa = PBXFileReference; lastKnownFileType = image.png; path = 17.png; sourceTree = "<group>"; };
		25FB87E211FFCBCA00321766 /* 18.png */ = {isa = PBXFileReference; lastKnownFileType = image.png; path = 18.png; sourceTree = "<group>"; };
		25FB87E311FFCBCA00321766 /* 19.png */ = {isa = PBXFileReference; lastKnownFileType = image.png; path = 19.png; sourceTree = "<group>"; };
		25FB87E411FFCBCA00321766 /* 2.png */ = {isa = PBXFileReference; lastKnownFileType = image.png; path = 2.png; sourceTree = "<group>"; };
		25FB87E511FFCBCA00321766 /* 20.png */ = {isa = PBXFileReference; lastKnownFileType = image.png; path = 20.png; sourceTree = "<group>"; };
		25FB87E611FFCBCA00321766 /* 21.png */ = {isa = PBXFileReference; lastKnownFileType = image.png; path = 21.png; sourceTree = "<group>"; };
		25FB87E711FFCBCA00321766 /* 22.png */ = {isa = PBXFileReference; lastKnownFileType = image.png; path = 22.png; sourceTree = "<group>"; };
		25FB87E811FFCBCA00321766 /* 3.png */ = {isa = PBXFileReference; lastKnownFileType = image.png; path = 3.png; sourceTree = "<group>"; };
		25FB87E911FFCBCA00321766 /* 4.png */ = {isa = PBXFileReference; lastKnownFileType = image.png; path = 4.png; sourceTree = "<group>"; };
		25FB87EA11FFCBCA00321766 /* 5.png */ = {isa = PBXFileReference; lastKnownFileType = image.png; path = 5.png; sourceTree = "<group>"; };
		25FB87EB11FFCBCA00321766 /* 6.png */ = {isa = PBXFileReference; lastKnownFileType = image.png; path = 6.png; sourceTree = "<group>"; };
		25FB87EC11FFCBCA00321766 /* 7.png */ = {isa = PBXFileReference; lastKnownFileType = image.png; path = 7.png; sourceTree = "<group>"; };
		25FB87ED11FFCBCA00321766 /* 8.png */ = {isa = PBXFileReference; lastKnownFileType = image.png; path = 8.png; sourceTree = "<group>"; };
		25FB87EE11FFCBCA00321766 /* 9.png */ = {isa = PBXFileReference; lastKnownFileType = image.png; path = 9.png; sourceTree = "<group>"; };
		25FB880A11FFCE1600321766 /* Icon.png */ = {isa = PBXFileReference; lastKnownFileType = image.png; path = Icon.png; sourceTree = "<group>"; };
		25FB884511FFCF3300321766 /* Icon-72.png */ = {isa = PBXFileReference; lastKnownFileType = image.png; path = "Icon-72.png"; sourceTree = "<group>"; };
		25FB88BD11FFD3F000321766 /* 0.png */ = {isa = PBXFileReference; lastKnownFileType = image.png; path = 0.png; sourceTree = "<group>"; };
		25FB895111FFDFF800321766 /* SCFinishedViewController.h */ = {isa = PBXFileReference; fileEncoding = 4; lastKnownFileType = sourcecode.c.h; path = SCFinishedViewController.h; sourceTree = "<group>"; };
		25FB895211FFDFF800321766 /* SCFinishedViewController.m */ = {isa = PBXFileReference; fileEncoding = 4; lastKnownFileType = sourcecode.c.objc; path = SCFinishedViewController.m; sourceTree = "<group>"; };
		25FB895311FFDFF800321766 /* SCFinishedViewController.xib */ = {isa = PBXFileReference; lastKnownFileType = file.xib; path = SCFinishedViewController.xib; sourceTree = "<group>"; };
		288765A40DF7441C002DB57D /* CoreGraphics.framework */ = {isa = PBXFileReference; lastKnownFileType = wrapper.framework; name = CoreGraphics.framework; path = System/Library/Frameworks/CoreGraphics.framework; sourceTree = SDKROOT; };
		2899E5210DE3E06400AC0155 /* StarcraftInstallerViewController.xib */ = {isa = PBXFileReference; lastKnownFileType = file.xib; path = StarcraftInstallerViewController.xib; sourceTree = "<group>"; };
		28AD733E0D9D9553002E5188 /* MainWindow.xib */ = {isa = PBXFileReference; lastKnownFileType = file.xib; path = MainWindow.xib; sourceTree = "<group>"; };
		28D7ACF60DDB3853001CB0EB /* StarcraftInstallerViewController.h */ = {isa = PBXFileReference; fileEncoding = 4; lastKnownFileType = sourcecode.c.h; path = StarcraftInstallerViewController.h; sourceTree = "<group>"; };
		28D7ACF70DDB3853001CB0EB /* StarcraftInstallerViewController.m */ = {isa = PBXFileReference; fileEncoding = 4; lastKnownFileType = sourcecode.c.objc; path = StarcraftInstallerViewController.m; sourceTree = "<group>"; };
		29B97316FDCFA39411CA2CEA /* main.m */ = {isa = PBXFileReference; fileEncoding = 4; lastKnownFileType = sourcecode.c.objc; path = main.m; sourceTree = "<group>"; };
		32CA4F630368D1EE00C91783 /* StarcraftInstaller_Prefix.pch */ = {isa = PBXFileReference; fileEncoding = 4; lastKnownFileType = sourcecode.c.h; path = StarcraftInstaller_Prefix.pch; sourceTree = "<group>"; };
		8D1107310486CEB800E47090 /* StarcraftInstaller-Info.plist */ = {isa = PBXFileReference; fileEncoding = 4; lastKnownFileType = text.plist.xml; path = "StarcraftInstaller-Info.plist"; plistStructureDefinitionIdentifier = "com.apple.xcode.plist.structure-definition.iphone.info-plist"; sourceTree = "<group>"; };
/* End PBXFileReference section */

/* Begin PBXFrameworksBuildPhase section */
		1D60588F0D05DD3D006BFB54 /* Frameworks */ = {
			isa = PBXFrameworksBuildPhase;
			buildActionMask = 2147483647;
			files = (
				1D60589F0D05DD5A006BFB54 /* Foundation.framework in Frameworks */,
				1DF5F4E00D08C38300B7A737 /* UIKit.framework in Frameworks */,
				288765A50DF7441C002DB57D /* CoreGraphics.framework in Frameworks */,
			);
			runOnlyForDeploymentPostprocessing = 0;
		};
/* End PBXFrameworksBuildPhase section */

/* Begin PBXGroup section */
		080E96DDFE201D6D7F000001 /* Classes */ = {
			isa = PBXGroup;
			children = (
				1D3623240D0F684500981E51 /* StarcraftInstallerAppDelegate.h */,
				1D3623250D0F684500981E51 /* StarcraftInstallerAppDelegate.m */,
				28D7ACF60DDB3853001CB0EB /* StarcraftInstallerViewController.h */,
				28D7ACF70DDB3853001CB0EB /* StarcraftInstallerViewController.m */,
				25FB895111FFDFF800321766 /* SCFinishedViewController.h */,
				25FB895211FFDFF800321766 /* SCFinishedViewController.m */,
			);
			path = Classes;
			sourceTree = "<group>";
		};
		19C28FACFE9D520D11CA2CBB /* Products */ = {
			isa = PBXGroup;
			children = (
				1D6058910D05DD3D006BFB54 /* StarcraftInstaller.app */,
			);
			name = Products;
			sourceTree = "<group>";
		};
		25FB87D811FFCBC900321766 /* Story */ = {
			isa = PBXGroup;
			children = (
				25FB88BD11FFD3F000321766 /* 0.png */,
				25FB87D911FFCBC900321766 /* 1.png */,
				25FB87E411FFCBCA00321766 /* 2.png */,
				25FB87E811FFCBCA00321766 /* 3.png */,
				25FB87E911FFCBCA00321766 /* 4.png */,
				25FB87EA11FFCBCA00321766 /* 5.png */,
				25FB87EB11FFCBCA00321766 /* 6.png */,
				25FB87EC11FFCBCA00321766 /* 7.png */,
				25FB87ED11FFCBCA00321766 /* 8.png */,
				25FB87EE11FFCBCA00321766 /* 9.png */,
				25FB87DA11FFCBC900321766 /* 10.png */,
				25FB87DB11FFCBC900321766 /* 11.png */,
				25FB87DC11FFCBC900321766 /* 12.png */,
				25FB87DD11FFCBC900321766 /* 13.png */,
				25FB87DE11FFCBCA00321766 /* 14.png */,
				25FB87DF11FFCBCA00321766 /* 15.png */,
				25FB87E011FFCBCA00321766 /* 16.png */,
				25FB87E111FFCBCA00321766 /* 17.png */,
				25FB87E211FFCBCA00321766 /* 18.png */,
				25FB87E311FFCBCA00321766 /* 19.png */,
				25FB87E511FFCBCA00321766 /* 20.png */,
				25FB87E611FFCBCA00321766 /* 21.png */,
				25FB87E711FFCBCA00321766 /* 22.png */,
			);
			path = Story;
			sourceTree = "<group>";
		};
		29B97314FDCFA39411CA2CEA /* CustomTemplate */ = {
			isa = PBXGroup;
			children = (
				080E96DDFE201D6D7F000001 /* Classes */,
				29B97315FDCFA39411CA2CEA /* Other Sources */,
				29B97317FDCFA39411CA2CEA /* Resources */,
				29B97323FDCFA39411CA2CEA /* Frameworks */,
				19C28FACFE9D520D11CA2CBB /* Products */,
			);
			name = CustomTemplate;
			sourceTree = "<group>";
		};
		29B97315FDCFA39411CA2CEA /* Other Sources */ = {
			isa = PBXGroup;
			children = (
				32CA4F630368D1EE00C91783 /* StarcraftInstaller_Prefix.pch */,
				29B97316FDCFA39411CA2CEA /* main.m */,
			);
			name = "Other Sources";
			sourceTree = "<group>";
		};
		29B97317FDCFA39411CA2CEA /* Resources */ = {
			isa = PBXGroup;
			children = (
				250B41D411FFED8B00D8D7EE /* bnet.png */,
				250B41D511FFED8B00D8D7EE /* complete.png */,
				250B41D611FFED8B00D8D7EE /* install.png */,
				25FB880A11FFCE1600321766 /* Icon.png */,
				25FB884511FFCF3300321766 /* Icon-72.png */,
				25FB87D811FFCBC900321766 /* Story */,
				2899E5210DE3E06400AC0155 /* StarcraftInstallerViewController.xib */,
				25FB895311FFDFF800321766 /* SCFinishedViewController.xib */,
				28AD733E0D9D9553002E5188 /* MainWindow.xib */,
				8D1107310486CEB800E47090 /* StarcraftInstaller-Info.plist */,
			);
			name = Resources;
			sourceTree = "<group>";
		};
		29B97323FDCFA39411CA2CEA /* Frameworks */ = {
			isa = PBXGroup;
			children = (
				1DF5F4DF0D08C38300B7A737 /* UIKit.framework */,
				1D30AB110D05D00D00671497 /* Foundation.framework */,
				288765A40DF7441C002DB57D /* CoreGraphics.framework */,
			);
			name = Frameworks;
			sourceTree = "<group>";
		};
/* End PBXGroup section */

/* Begin PBXNativeTarget section */
		1D6058900D05DD3D006BFB54 /* StarcraftInstaller */ = {
			isa = PBXNativeTarget;
			buildConfigurationList = 1D6058960D05DD3E006BFB54 /* Build configuration list for PBXNativeTarget "StarcraftInstaller" */;
			buildPhases = (
				1D60588D0D05DD3D006BFB54 /* Resources */,
				1D60588E0D05DD3D006BFB54 /* Sources */,
				1D60588F0D05DD3D006BFB54 /* Frameworks */,
			);
			buildRules = (
			);
			dependencies = (
			);
			name = StarcraftInstaller;
			productName = StarcraftInstaller;
			productReference = 1D6058910D05DD3D006BFB54 /* StarcraftInstaller.app */;
			productType = "com.apple.product-type.application";
		};
/* End PBXNativeTarget section */

/* Begin PBXProject section */
		29B97313FDCFA39411CA2CEA /* Project object */ = {
			isa = PBXProject;
			buildConfigurationList = C01FCF4E08A954540054247B /* Build configuration list for PBXProject "StarcraftInstaller" */;
			compatibilityVersion = "Xcode 3.1";
			hasScannedForEncodings = 1;
			mainGroup = 29B97314FDCFA39411CA2CEA /* CustomTemplate */;
			projectDirPath = "";
			projectRoot = "";
			targets = (
				1D6058900D05DD3D006BFB54 /* StarcraftInstaller */,
			);
		};
/* End PBXProject section */

/* Begin PBXResourcesBuildPhase section */
		1D60588D0D05DD3D006BFB54 /* Resources */ = {
			isa = PBXResourcesBuildPhase;
			buildActionMask = 2147483647;
			files = (
				28AD733F0D9D9553002E5188 /* MainWindow.xib in Resources */,
				2899E5220DE3E06400AC0155 /* StarcraftInstallerViewController.xib in Resources */,
				25FB87EF11FFCBCA00321766 /* 1.png in Resources */,
				25FB87F011FFCBCA00321766 /* 10.png in Resources */,
				25FB87F111FFCBCA00321766 /* 11.png in Resources */,
				25FB87F211FFCBCA00321766 /* 12.png in Resources */,
				25FB87F311FFCBCA00321766 /* 13.png in Resources */,
				25FB87F411FFCBCA00321766 /* 14.png in Resources */,
				25FB87F511FFCBCA00321766 /* 15.png in Resources */,
				25FB87F611FFCBCA00321766 /* 16.png in Resources */,
				25FB87F711FFCBCA00321766 /* 17.png in Resources */,
				25FB87F811FFCBCA00321766 /* 18.png in Resources */,
				25FB87F911FFCBCA00321766 /* 19.png in Resources */,
				25FB87FA11FFCBCA00321766 /* 2.png in Resources */,
				25FB87FB11FFCBCA00321766 /* 20.png in Resources */,
				25FB87FC11FFCBCA00321766 /* 21.png in Resources */,
				25FB87FD11FFCBCA00321766 /* 22.png in Resources */,
				25FB87FE11FFCBCA00321766 /* 3.png in Resources */,
				25FB87FF11FFCBCA00321766 /* 4.png in Resources */,
				25FB880011FFCBCA00321766 /* 5.png in Resources */,
				25FB880111FFCBCA00321766 /* 6.png in Resources */,
				25FB880211FFCBCA00321766 /* 7.png in Resources */,
				25FB880311FFCBCA00321766 /* 8.png in Resources */,
				25FB880411FFCBCA00321766 /* 9.png in Resources */,
				25FB880B11FFCE1600321766 /* Icon.png in Resources */,
				25FB884611FFCF3300321766 /* Icon-72.png in Resources */,
				25FB88BE11FFD3F000321766 /* 0.png in Resources */,
				25FB895511FFDFF800321766 /* SCFinishedViewController.xib in Resources */,
				250B41D711FFED8B00D8D7EE /* bnet.png in Resources */,
				250B41D811FFED8B00D8D7EE /* complete.png in Resources */,
				250B41D911FFED8B00D8D7EE /* install.png in Resources */,
			);
			runOnlyForDeploymentPostprocessing = 0;
		};
/* End PBXResourcesBuildPhase section */

/* Begin PBXSourcesBuildPhase section */
		1D60588E0D05DD3D006BFB54 /* Sources */ = {
			isa = PBXSourcesBuildPhase;
			buildActionMask = 2147483647;
			files = (
				1D60589B0D05DD56006BFB54 /* main.m in Sources */,
				1D3623260D0F684500981E51 /* StarcraftInstallerAppDelegate.m in Sources */,
				28D7ACF80DDB3853001CB0EB /* StarcraftInstallerViewController.m in Sources */,
				25FB895411FFDFF800321766 /* SCFinishedViewController.m in Sources */,
			);
			runOnlyForDeploymentPostprocessing = 0;
		};
/* End PBXSourcesBuildPhase section */

/* Begin XCBuildConfiguration section */
		1D6058940D05DD3E006BFB54 /* Debug */ = {
			isa = XCBuildConfiguration;
			buildSettings = {
				ALWAYS_SEARCH_USER_PATHS = NO;
				COPY_PHASE_STRIP = NO;
				GCC_DYNAMIC_NO_PIC = NO;
				GCC_OPTIMIZATION_LEVEL = 0;
				GCC_PRECOMPILE_PREFIX_HEADER = YES;
				GCC_PREFIX_HEADER = StarcraftInstaller_Prefix.pch;
				INFOPLIST_FILE = "StarcraftInstaller-Info.plist";
				PRODUCT_NAME = StarcraftInstaller;
			};
			name = Debug;
		};
		1D6058950D05DD3E006BFB54 /* Release */ = {
			isa = XCBuildConfiguration;
			buildSettings = {
				ALWAYS_SEARCH_USER_PATHS = NO;
				COPY_PHASE_STRIP = YES;
				GCC_PRECOMPILE_PREFIX_HEADER = YES;
				GCC_PREFIX_HEADER = StarcraftInstaller_Prefix.pch;
				INFOPLIST_FILE = "StarcraftInstaller-Info.plist";
				PRODUCT_NAME = StarcraftInstaller;
				VALIDATE_PRODUCT = YES;
			};
			name = Release;
		};
		C01FCF4F08A954540054247B /* Debug */ = {
			isa = XCBuildConfiguration;
			buildSettings = {
				ARCHS = "$(ARCHS_UNIVERSAL_IPHONE_OS)";
				"CODE_SIGN_IDENTITY[sdk=iphoneos*]" = "iPhone Developer";
				GCC_C_LANGUAGE_STANDARD = c99;
				GCC_WARN_ABOUT_RETURN_TYPE = YES;
				GCC_WARN_UNUSED_VARIABLE = YES;
				PREBINDING = NO;
				SDKROOT = iphoneos3.2;
				TARGETED_DEVICE_FAMILY = 2;
			};
			name = Debug;
		};
		C01FCF5008A954540054247B /* Release */ = {
			isa = XCBuildConfiguration;
			buildSettings = {
				ARCHS = "$(ARCHS_UNIVERSAL_IPHONE_OS)";
				"CODE_SIGN_IDENTITY[sdk=iphoneos*]" = "iPhone Developer";
				GCC_C_LANGUAGE_STANDARD = c99;
				GCC_WARN_ABOUT_RETURN_TYPE = YES;
				GCC_WARN_UNUSED_VARIABLE = YES;
				OTHER_CFLAGS = "-DNS_BLOCK_ASSERTIONS=1";
				PREBINDING = NO;
				SDKROOT = iphoneos3.2;
				TARGETED_DEVICE_FAMILY = 2;
			};
			name = Release;
		};
/* End XCBuildConfiguration section */

/* Begin XCConfigurationList section */
		1D6058960D05DD3E006BFB54 /* Build configuration list for PBXNativeTarget "StarcraftInstaller" */ = {
			isa = XCConfigurationList;
			buildConfigurations = (
				1D6058940D05DD3E006BFB54 /* Debug */,
				1D6058950D05DD3E006BFB54 /* Release */,
			);
			defaultConfigurationIsVisible = 0;
			defaultConfigurationName = Release;
		};
		C01FCF4E08A954540054247B /* Build configuration list for PBXProject "StarcraftInstaller" */ = {
			isa = XCConfigurationList;
			buildConfigurations = (
				C01FCF4F08A954540054247B /* Debug */,
				C01FCF5008A954540054247B /* Release */,
			);
			defaultConfigurationIsVisible = 0;
			defaultConfigurationName = Release;
		};
/* End XCConfigurationList section */
	};
	rootObject = 29B97313FDCFA39411CA2CEA /* Project object */;
}
